
Microsoft Visual Studio Solution File, Format Version 12.00
# Visual Studio 15
VisualStudioVersion = 15.0.27004.2009
MinimumVisualStudioVersion = 10.0.40219.1
Project("{FAE04EC0-301F-11D3-BF4B-00C04F79EFBC}") = "ImageProcessing", "ImageProcessing\ImageProcessing.csproj", "{F214B434-1166-4DA9-BD31-4E6939C67FB6}"
EndProject
Global
	GlobalSection(SolutionConfigurationPlatforms) = preSolution
		Debug|Any CPU = Debug|Any CPU
		Release|Any CPU = Release|Any CPU
	EndGlobalSection
	GlobalSection(ProjectConfigurationPlatforms) = postSolution
		{F214B434-1166-4DA9-BD31-4E6939C67FB6}.Debug|Any CPU.ActiveCfg = Debug|Any CPU
		{F214B434-1166-4DA9-BD31-4E6939C67FB6}.Debug|Any CPU.Build.0 = Debug|Any CPU
		{F214B434-1166-4DA9-BD31-4E6939C67FB6}.Release|Any CPU.ActiveCfg = Release|Any CPU
		{F214B434-1166-4DA9-BD31-4E6939C67FB6}.Release|Any CPU.Build.0 = Release|Any CPU
	EndGlobalSection
	GlobalSection(SolutionProperties) = preSolution
		HideSolutionNode = FALSE
	EndGlobalSection
	GlobalSection(ExtensibilityGlobals) = postSolution
		SolutionGuid = {D377D74B-2B62-4B18-9777-15758DDC9D74}
	EndGlobalSection
EndGlobal
